# This file is automatically @generated by Cargo.
# It is not intended for manual editing.
[[package]]
name = "attestation-server"
version = "0.1.0"
dependencies = [
 "sgx-isa 0.2.0 (registry+https://github.com/rust-lang/crates.io-index)",
]

[[package]]
name = "bitflags"
version = "1.0.4"
source = "registry+https://github.com/rust-lang/crates.io-index"

[[package]]
name = "sgx-isa"
version = "0.2.0"
source = "registry+https://github.com/rust-lang/crates.io-index"
dependencies = [
 "bitflags 1.0.4 (registry+https://github.com/rust-lang/crates.io-index)",
]

[metadata]
"checksum bitflags 1.0.4 (registry+https://github.com/rust-lang/crates.io-index)" = "228047a76f468627ca71776ecdebd732a3423081fcf5125585bcd7c49886ce12"
"checksum sgx-isa 0.2.0 (registry+https://github.com/rust-lang/crates.io-index)" = "d0756ae39de704225ed0c5e0c6bf108d24e88f0ffdafa9c79917c7df90008f68"
